
Microsoft Visual Studio Solution File, Format Version 12.00
# Visual Studio Version 17
VisualStudioVersion = 17.3.32804.467
MinimumVisualStudioVersion = 10.0.40219.1
Project("{FAE04EC0-301F-11D3-BF4B-00C04F79EFBC}") = "PO4_3", "PO4_3\PO4_3.csproj", "{00D9F2BF-2A82-4003-9ACE-BCCCEFEDC947}"
EndProject
Global
	GlobalSection(SolutionConfigurationPlatforms) = preSolution
		Debug|Any CPU = Debug|Any CPU
		Release|Any CPU = Release|Any CPU
	EndGlobalSection
	GlobalSection(ProjectConfigurationPlatforms) = postSolution
		{00D9F2BF-2A82-4003-9ACE-BCCCEFEDC947}.Debug|Any CPU.ActiveCfg = Debug|Any CPU
		{00D9F2BF-2A82-4003-9ACE-BCCCEFEDC947}.Debug|Any CPU.Build.0 = Debug|Any CPU
		{00D9F2BF-2A82-4003-9ACE-BCCCEFEDC947}.Release|Any CPU.ActiveCfg = Release|Any CPU
		{00D9F2BF-2A82-4003-9ACE-BCCCEFEDC947}.Release|Any CPU.Build.0 = Release|Any CPU
	EndGlobalSection
	GlobalSection(SolutionProperties) = preSolution
		HideSolutionNode = FALSE
	EndGlobalSection
	GlobalSection(ExtensibilityGlobals) = postSolution
		SolutionGuid = {98A37A22-C7CF-454E-8FEA-0124BA7502F4}
	EndGlobalSection
EndGlobal
